
Microsoft Visual Studio Solution File, Format Version 12.00
# Visual Studio Version 17
VisualStudioVersion = 17.9.34728.123
MinimumVisualStudioVersion = 10.0.40219.1
Project("{FAE04EC0-301F-11D3-BF4B-00C04F79EFBC}") = "ejercicio 6 del 5", "ejercicio 6 del 5\ejercicio 6 del 5.csproj", "{2620959B-9325-4B8D-84D7-21BF06E5E3F3}"
EndProject
Global
	GlobalSection(SolutionConfigurationPlatforms) = preSolution
		Debug|Any CPU = Debug|Any CPU
		Release|Any CPU = Release|Any CPU
	EndGlobalSection
	GlobalSection(ProjectConfigurationPlatforms) = postSolution
		{2620959B-9325-4B8D-84D7-21BF06E5E3F3}.Debug|Any CPU.ActiveCfg = Debug|Any CPU
		{2620959B-9325-4B8D-84D7-21BF06E5E3F3}.Debug|Any CPU.Build.0 = Debug|Any CPU
		{2620959B-9325-4B8D-84D7-21BF06E5E3F3}.Release|Any CPU.ActiveCfg = Release|Any CPU
		{2620959B-9325-4B8D-84D7-21BF06E5E3F3}.Release|Any CPU.Build.0 = Release|Any CPU
	EndGlobalSection
	GlobalSection(SolutionProperties) = preSolution
		HideSolutionNode = FALSE
	EndGlobalSection
	GlobalSection(ExtensibilityGlobals) = postSolution
		SolutionGuid = {C6BE2569-8E0C-47ED-9F97-113C1F6069D9}
	EndGlobalSection
EndGlobal
